
Microsoft Visual Studio Solution File, Format Version 12.00
# Visual Studio Version 16
VisualStudioVersion = 16.0.31613.86
MinimumVisualStudioVersion = 10.0.40219.1
Project("{FAE04EC0-301F-11D3-BF4B-00C04F79EFBC}") = "juego de formar parejass", "juego de formar parejass\juego de formar parejass.csproj", "{588B7C6E-F4F8-43EA-964C-DA2951291A8A}"
EndProject
Global
	GlobalSection(SolutionConfigurationPlatforms) = preSolution
		Debug|Any CPU = Debug|Any CPU
		Release|Any CPU = Release|Any CPU
	EndGlobalSection
	GlobalSection(ProjectConfigurationPlatforms) = postSolution
		{588B7C6E-F4F8-43EA-964C-DA2951291A8A}.Debug|Any CPU.ActiveCfg = Debug|Any CPU
		{588B7C6E-F4F8-43EA-964C-DA2951291A8A}.Debug|Any CPU.Build.0 = Debug|Any CPU
		{588B7C6E-F4F8-43EA-964C-DA2951291A8A}.Release|Any CPU.ActiveCfg = Release|Any CPU
		{588B7C6E-F4F8-43EA-964C-DA2951291A8A}.Release|Any CPU.Build.0 = Release|Any CPU
	EndGlobalSection
	GlobalSection(SolutionProperties) = preSolution
		HideSolutionNode = FALSE
	EndGlobalSection
	GlobalSection(ExtensibilityGlobals) = postSolution
		SolutionGuid = {3ADD24B7-DDD3-4944-B929-2790B72FC7EB}
	EndGlobalSection
EndGlobal
